<?xml version="1.0" encoding="utf-8"?>
<Project ToolsVersion="4.0" xmlns="http://schemas.microsoft.com/developer/msbuild/2003">
  <ItemGroup>
    <Filter Include="Sources">
      <UniqueIdentifier>{04bcc289-2472-48d5-b384-600348ef983c}</UniqueIdentifier>
    </Filter>
    <Filter Include="Sources\Math">
      <UniqueIdentifier>{74878897-f0b8-4965-81a3-b238c3dbae3c}</UniqueIdentifier>
    </Filter>
    <Filter Include="Sources\GUI">
      <UniqueIdentifier>{7045bd63-c81e-451e-8800-d844c3ad3a8a}</UniqueIdentifier>
    </Filter>
    <Filter Include="Sources\String">
      <UniqueIdentifier>{803c52f1-3ad3-4662-882c-30d05c34026a}</UniqueIdentifier>
    </Filter>
    <Filter Include="Sources\Containers">
      <UniqueIdentifier>{76f7736b-c237-4fed-a63a-ad88d9697547}</UniqueIdentifier>
    </Filter>
  </ItemGroup>
  <ItemGroup>
    <ClInclude Include="Sources\KosmoCoreRoot.h">
      <Filter>Sources</Filter>
    </ClInclude>
    <ClInclude Include="Sources\GUI\Root.h">
      <Filter>Sources\GUI</Filter>
    </ClInclude>
    <ClInclude Include="Sources\String\Root.h">
      <Filter>Sources\String</Filter>
    </ClInclude>
    <ClInclude Include="Sources\String\KmString.h">
      <Filter>Sources\String</Filter>
    </ClInclude>
    <ClInclude Include="Sources\Math\KmVector3.h">
      <Filter>Sources\Math</Filter>
    </ClInclude>
    <ClInclude Include="Sources\Math\KmVector4.h">
      <Filter>Sources\Math</Filter>
    </ClInclude>
    <ClInclude Include="Sources\Math\KmQuaternion.h">
      <Filter>Sources\Math</Filter>
    </ClInclude>
    <ClInclude Include="Sources\Math\KmTransform4.h">
      <Filter>Sources\Math</Filter>
    </ClInclude>
    <ClInclude Include="Sources\Math\Root.h">
      <Filter>Sources\Math</Filter>
    </ClInclude>
    <ClInclude Include="Sources\GUI\KmWindow.h">
      <Filter>Sources\GUI</Filter>
    </ClInclude>
    <ClInclude Include="Sources\Containers\KmVector.h">
      <Filter>Sources\Containers</Filter>
    </ClInclude>
    <ClInclude Include="Sources\Containers\Root.h">
      <Filter>Sources\Containers</Filter>
    </ClInclude>
    <ClInclude Include="Sources\Containers\KmList.h">
      <Filter>Sources\Containers</Filter>
    </ClInclude>
  </ItemGroup>
  <ItemGroup>
    <ClCompile Include="Sources\String\KmString.cpp">
      <Filter>Sources\String</Filter>
    </ClCompile>
    <ClCompile Include="Sources\Math\KmVector4.cpp">
      <Filter>Sources\Math</Filter>
    </ClCompile>
    <ClCompile Include="Sources\Math\KmQuaternion.cpp">
      <Filter>Sources\Math</Filter>
    </ClCompile>
    <ClCompile Include="Sources\Math\KmTransform4.cpp">
      <Filter>Sources\Math</Filter>
    </ClCompile>
    <ClCompile Include="Sources\Math\KmVector3.cpp">
      <Filter>Sources\Math</Filter>
    </ClCompile>
    <ClCompile Include="Sources\GUI\KmWindow.cpp">
      <Filter>Sources\GUI</Filter>
    </ClCompile>
    <ClCompile Include="Sources\Containers\KmList.cpp">
      <Filter>Sources\Containers</Filter>
    </ClCompile>
    <ClCompile Include="Sources\Containers\KmVector.cpp">
      <Filter>Sources\Containers</Filter>
    </ClCompile>
  </ItemGroup>
</Project>