<?xml version="1.0" encoding="utf-8"?>
<Project ToolsVersion="4.0" xmlns="http://schemas.microsoft.com/developer/msbuild/2003">
  <ItemGroup>
    <Filter Include="Source Files">
      <UniqueIdentifier>{4FC737F1-C7A5-4376-A066-2A32D752A2FF}</UniqueIdentifier>
      <Extensions>cpp;c;cc;cxx;def;odl;idl;hpj;bat;asm;asmx</Extensions>
    </Filter>
    <Filter Include="Resource Files">
      <UniqueIdentifier>{67DA6AB6-F800-4c08-8B7A-83BB121AAD01}</UniqueIdentifier>
      <Extensions>rc;ico;cur;bmp;dlg;rc2;rct;bin;rgs;gif;jpg;jpeg;jpe;resx;tiff;tif;png;wav;mfcribbon-ms</Extensions>
    </Filter>
    <Filter Include="Source Files\Window">
      <UniqueIdentifier>{be322a14-3118-4207-8f0c-da6d680d2c6a}</UniqueIdentifier>
    </Filter>
    <Filter Include="Source Files\Rendering">
      <UniqueIdentifier>{aab3493d-9421-46c9-918b-b59524adffa4}</UniqueIdentifier>
    </Filter>
    <Filter Include="Source Files\Events">
      <UniqueIdentifier>{14042d47-0886-469a-80b8-8086b48b086a}</UniqueIdentifier>
    </Filter>
    <Filter Include="Source Files\Application">
      <UniqueIdentifier>{71c8b677-c3c4-451e-b1f1-aa62c911d657}</UniqueIdentifier>
    </Filter>
    <Filter Include="Source Files\String">
      <UniqueIdentifier>{75dbc2c5-b04a-4f1e-9762-bfb05df534fd}</UniqueIdentifier>
    </Filter>
    <Filter Include="Source Files\Containers">
      <UniqueIdentifier>{d703968b-c497-471a-be1f-d5f6ea585309}</UniqueIdentifier>
    </Filter>
    <Filter Include="Source Files\File">
      <UniqueIdentifier>{f1a5d0b8-01f4-4a7e-a337-41cdb63e905b}</UniqueIdentifier>
    </Filter>
  </ItemGroup>
  <ItemGroup>
    <ClInclude Include="Sources\Application\Root.h">
      <Filter>Source Files\Application</Filter>
    </ClInclude>
    <ClInclude Include="Sources\Events\Root.h">
      <Filter>Source Files\Events</Filter>
    </ClInclude>
    <ClInclude Include="Sources\Rendering\Root.h">
      <Filter>Source Files\Rendering</Filter>
    </ClInclude>
    <ClInclude Include="Sources\Window\Root.h">
      <Filter>Source Files\Window</Filter>
    </ClInclude>
    <ClInclude Include="Sources\Application\TkWin32App.h">
      <Filter>Source Files\Application</Filter>
    </ClInclude>
    <ClInclude Include="Sources\Events\TkEventManager.h">
      <Filter>Source Files\Events</Filter>
    </ClInclude>
    <ClInclude Include="Sources\Window\TkWin32Wnd.h">
      <Filter>Source Files\Window</Filter>
    </ClInclude>
    <ClInclude Include="Sources\String\TkString.h">
      <Filter>Source Files\String</Filter>
    </ClInclude>
    <ClInclude Include="Sources\String\Root.h">
      <Filter>Source Files\String</Filter>
    </ClInclude>
    <ClInclude Include="Sources\Root.h">
      <Filter>Source Files</Filter>
    </ClInclude>
    <ClInclude Include="Sources\Containers\TkList.h">
      <Filter>Source Files\Containers</Filter>
    </ClInclude>
    <ClInclude Include="Sources\Containers\TkVector.h">
      <Filter>Source Files\Containers</Filter>
    </ClInclude>
    <ClInclude Include="Sources\Containers\Root.h">
      <Filter>Source Files\Containers</Filter>
    </ClInclude>
    <ClInclude Include="Sources\File\TkBinaryFile.h">
      <Filter>Source Files\File</Filter>
    </ClInclude>
    <ClInclude Include="Sources\File\TkTextFile.h">
      <Filter>Source Files\File</Filter>
    </ClInclude>
    <ClInclude Include="Sources\File\Root.h">
      <Filter>Source Files\File</Filter>
    </ClInclude>
  </ItemGroup>
  <ItemGroup>
    <ClCompile Include="Sources\Application\TkWin32App.cpp">
      <Filter>Source Files\Application</Filter>
    </ClCompile>
    <ClCompile Include="Sources\Events\TkEventManager.cpp">
      <Filter>Source Files\Events</Filter>
    </ClCompile>
    <ClCompile Include="Sources\Window\TkWin32Wnd.cpp">
      <Filter>Source Files\Window</Filter>
    </ClCompile>
    <ClCompile Include="Sources\String\TkString.cpp">
      <Filter>Source Files\String</Filter>
    </ClCompile>
    <ClCompile Include="Sources\Containers\TkList.cpp">
      <Filter>Source Files\Containers</Filter>
    </ClCompile>
    <ClCompile Include="Sources\Containers\TkVector.cpp">
      <Filter>Source Files\Containers</Filter>
    </ClCompile>
    <ClCompile Include="Sources\File\TkTextFile.cpp">
      <Filter>Source Files\File</Filter>
    </ClCompile>
    <ClCompile Include="Sources\File\TkBinaryFile.cpp">
      <Filter>Source Files\File</Filter>
    </ClCompile>
  </ItemGroup>
</Project>