<?xml version="1.0" encoding="utf-8"?>
<Project ToolsVersion="4.0" xmlns="http://schemas.microsoft.com/developer/msbuild/2003">
  <ItemGroup>
    <Filter Include="Source Files">
      <UniqueIdentifier>{4FC737F1-C7A5-4376-A066-2A32D752A2FF}</UniqueIdentifier>
      <Extensions>cpp;c;cc;cxx;def;odl;idl;hpj;bat;asm;asmx</Extensions>
    </Filter>
    <Filter Include="Resource Files">
      <UniqueIdentifier>{67DA6AB6-F800-4c08-8B7A-83BB121AAD01}</UniqueIdentifier>
      <Extensions>rc;ico;cur;bmp;dlg;rc2;rct;bin;rgs;gif;jpg;jpeg;jpe;resx;tiff;tif;png;wav;mfcribbon-ms</Extensions>
    </Filter>
    <Filter Include="Source Files\Application">
      <UniqueIdentifier>{71c8b677-c3c4-451e-b1f1-aa62c911d657}</UniqueIdentifier>
    </Filter>
    <Filter Include="Source Files\String">
      <UniqueIdentifier>{75dbc2c5-b04a-4f1e-9762-bfb05df534fd}</UniqueIdentifier>
    </Filter>
    <Filter Include="Source Files\Containers">
      <UniqueIdentifier>{d703968b-c497-471a-be1f-d5f6ea585309}</UniqueIdentifier>
    </Filter>
    <Filter Include="Source Files\File">
      <UniqueIdentifier>{f1a5d0b8-01f4-4a7e-a337-41cdb63e905b}</UniqueIdentifier>
    </Filter>
    <Filter Include="Source Files\Input">
      <UniqueIdentifier>{e80efeb1-dc7d-40a4-8c1b-a62e37602c18}</UniqueIdentifier>
    </Filter>
    <Filter Include="Source Files\Debugging">
      <UniqueIdentifier>{cd7a869a-d76a-4ab4-875c-ee386462dce8}</UniqueIdentifier>
    </Filter>
    <Filter Include="Source Files\Rendering">
      <UniqueIdentifier>{506faf8e-02af-4c09-a638-d5b25763567e}</UniqueIdentifier>
    </Filter>
    <Filter Include="Source Files\Rendering\Window">
      <UniqueIdentifier>{be322a14-3118-4207-8f0c-da6d680d2c6a}</UniqueIdentifier>
    </Filter>
    <Filter Include="Source Files\Rendering\OpenGL">
      <UniqueIdentifier>{f66b4263-4928-4c50-88d8-5f12cf261bf5}</UniqueIdentifier>
    </Filter>
    <Filter Include="Source Files\Components">
      <UniqueIdentifier>{3cb0962d-ea8f-4bb8-86da-64589aee03b5}</UniqueIdentifier>
    </Filter>
    <Filter Include="Source Files\Math">
      <UniqueIdentifier>{9944f379-d1e9-4344-bdb5-426e2bbcfa2a}</UniqueIdentifier>
    </Filter>
    <Filter Include="Source Files\Scene">
      <UniqueIdentifier>{dfbb3099-7f34-4ce4-9c4b-8fdf0b2c64cc}</UniqueIdentifier>
    </Filter>
    <Filter Include="Source Files\Scene\Entity">
      <UniqueIdentifier>{a00540b7-559f-4140-b6dd-73d40d1a05b9}</UniqueIdentifier>
    </Filter>
    <Filter Include="Source Files\Rendering\D3D">
      <UniqueIdentifier>{a71751a9-e13f-4187-b37d-c039890d982b}</UniqueIdentifier>
    </Filter>
    <Filter Include="Source Files\Scheduler">
      <UniqueIdentifier>{7c2c973a-5228-457b-beb6-7bedd3fda0e5}</UniqueIdentifier>
    </Filter>
    <Filter Include="Source Files\Signals">
      <UniqueIdentifier>{14a807eb-7973-483d-b6da-e2570dc4f512}</UniqueIdentifier>
    </Filter>
  </ItemGroup>
  <ItemGroup>
    <ClInclude Include="Sources\Application\Root.h">
      <Filter>Source Files\Application</Filter>
    </ClInclude>
    <ClInclude Include="Sources\String\Root.h">
      <Filter>Source Files\String</Filter>
    </ClInclude>
    <ClInclude Include="Sources\Root.h">
      <Filter>Source Files</Filter>
    </ClInclude>
    <ClInclude Include="Sources\Containers\Root.h">
      <Filter>Source Files\Containers</Filter>
    </ClInclude>
    <ClInclude Include="Sources\File\Root.h">
      <Filter>Source Files\File</Filter>
    </ClInclude>
    <ClInclude Include="Sources\Input\Root.h">
      <Filter>Source Files\Input</Filter>
    </ClInclude>
    <ClInclude Include="Sources\Scene\Root.h">
      <Filter>Source Files\Scene</Filter>
    </ClInclude>
    <ClInclude Include="Sources\Scene\Entity\Root.h">
      <Filter>Source Files\Scene\Entity</Filter>
    </ClInclude>
    <ClInclude Include="Sources\Debugging\Root.h">
      <Filter>Source Files\Debugging</Filter>
    </ClInclude>
    <ClInclude Include="Sources\Rendering\Root.h">
      <Filter>Source Files\Rendering</Filter>
    </ClInclude>
    <ClInclude Include="Sources\Rendering\OpenGL\Root.h">
      <Filter>Source Files\Rendering\OpenGL</Filter>
    </ClInclude>
    <ClInclude Include="Sources\Rendering\Window\Root.h">
      <Filter>Source Files\Rendering\Window</Filter>
    </ClInclude>
    <ClInclude Include="Sources\Components\Root.h">
      <Filter>Source Files\Components</Filter>
    </ClInclude>
    <ClInclude Include="Sources\Math\Root.h">
      <Filter>Source Files\Math</Filter>
    </ClInclude>
    <ClInclude Include="Sources\Application\QmApplication.h">
      <Filter>Source Files\Application</Filter>
    </ClInclude>
    <ClInclude Include="Sources\File\QmBinaryFile.h">
      <Filter>Source Files\File</Filter>
    </ClInclude>
    <ClInclude Include="Sources\Components\QmComponent.h">
      <Filter>Source Files\Components</Filter>
    </ClInclude>
    <ClInclude Include="Sources\Components\QmComponentDescriptor.h">
      <Filter>Source Files\Components</Filter>
    </ClInclude>
    <ClInclude Include="Sources\Debugging\QmDebug.h">
      <Filter>Source Files\Debugging</Filter>
    </ClInclude>
    <ClInclude Include="Sources\Scene\Entity\QmEntity.h">
      <Filter>Source Files\Scene\Entity</Filter>
    </ClInclude>
    <ClInclude Include="Sources\Scene\QmScene.h">
      <Filter>Source Files\Scene</Filter>
    </ClInclude>
    <ClInclude Include="Sources\Input\QmInputManager.h">
      <Filter>Source Files\Input</Filter>
    </ClInclude>
    <ClInclude Include="Sources\Input\QmInputState.h">
      <Filter>Source Files\Input</Filter>
    </ClInclude>
    <ClInclude Include="Sources\Containers\QmList.h">
      <Filter>Source Files\Containers</Filter>
    </ClInclude>
    <ClInclude Include="Sources\Rendering\OpenGL\QmOpenGLApi.h">
      <Filter>Source Files\Rendering\OpenGL</Filter>
    </ClInclude>
    <ClInclude Include="Sources\Rendering\OpenGL\QmOpenGLContext.h">
      <Filter>Source Files\Rendering\OpenGL</Filter>
    </ClInclude>
    <ClInclude Include="Sources\String\QmString.h">
      <Filter>Source Files\String</Filter>
    </ClInclude>
    <ClInclude Include="Sources\Math\QmTransform.h">
      <Filter>Source Files\Math</Filter>
    </ClInclude>
    <ClInclude Include="Sources\Math\QmVector4.h">
      <Filter>Source Files\Math</Filter>
    </ClInclude>
    <ClInclude Include="Sources\Math\QmQuaternion.h">
      <Filter>Source Files\Math</Filter>
    </ClInclude>
    <ClInclude Include="Sources\File\QmTextFile.h">
      <Filter>Source Files\File</Filter>
    </ClInclude>
    <ClInclude Include="Sources\Components\QmPropertyDescriptor.h">
      <Filter>Source Files\Components</Filter>
    </ClInclude>
    <ClInclude Include="Sources\Containers\QmVector.h">
      <Filter>Source Files\Containers</Filter>
    </ClInclude>
    <ClInclude Include="Sources\Rendering\Window\QmWindow.h">
      <Filter>Source Files\Rendering\Window</Filter>
    </ClInclude>
    <ClInclude Include="Sources\Scheduler\QmTaskScheduler.h">
      <Filter>Source Files\Scheduler</Filter>
    </ClInclude>
    <ClInclude Include="Sources\Scheduler\Root.h">
      <Filter>Source Files\Scheduler</Filter>
    </ClInclude>
    <ClInclude Include="Sources\Signals\QmSignal.h">
      <Filter>Source Files\Signals</Filter>
    </ClInclude>
    <ClInclude Include="Sources\Signals\QmSlot.h">
      <Filter>Source Files\Signals</Filter>
    </ClInclude>
    <ClInclude Include="Sources\Signals\Root.h">
      <Filter>Source Files\Signals</Filter>
    </ClInclude>
    <ClInclude Include="Sources\Signals\QmCoreSignals.h">
      <Filter>Source Files\Signals</Filter>
    </ClInclude>
    <ClInclude Include="Sources\Rendering\D3D\QmD3DContext.h">
      <Filter>Source Files\Rendering\D3D</Filter>
    </ClInclude>
  </ItemGroup>
  <ItemGroup>
    <ClCompile Include="Sources\Application\QmApplication.cpp">
      <Filter>Source Files\Application</Filter>
    </ClCompile>
    <ClCompile Include="Sources\Components\QmComponent.cpp">
      <Filter>Source Files\Components</Filter>
    </ClCompile>
    <ClCompile Include="Sources\Components\QmComponentDescriptor.cpp">
      <Filter>Source Files\Components</Filter>
    </ClCompile>
    <ClCompile Include="Sources\File\QmBinaryFile.cpp">
      <Filter>Source Files\File</Filter>
    </ClCompile>
    <ClCompile Include="Sources\Debugging\QmDebug.cpp">
      <Filter>Source Files\Debugging</Filter>
    </ClCompile>
    <ClCompile Include="Sources\Input\QmInputManager.cpp">
      <Filter>Source Files\Input</Filter>
    </ClCompile>
    <ClCompile Include="Sources\Input\QmInputState.cpp">
      <Filter>Source Files\Input</Filter>
    </ClCompile>
    <ClCompile Include="Sources\Containers\QmList.cpp">
      <Filter>Source Files\Containers</Filter>
    </ClCompile>
    <ClCompile Include="Sources\Rendering\OpenGL\QmOpenGLApi.cpp">
      <Filter>Source Files\Rendering\OpenGL</Filter>
    </ClCompile>
    <ClCompile Include="Sources\Rendering\OpenGL\QmOpenGLContext.cpp">
      <Filter>Source Files\Rendering\OpenGL</Filter>
    </ClCompile>
    <ClCompile Include="Sources\Components\QmPropertyDescriptor.cpp">
      <Filter>Source Files\Components</Filter>
    </ClCompile>
    <ClCompile Include="Sources\Math\QmQuaternion.cpp">
      <Filter>Source Files\Math</Filter>
    </ClCompile>
    <ClCompile Include="Sources\String\QmString.cpp">
      <Filter>Source Files\String</Filter>
    </ClCompile>
    <ClCompile Include="Sources\File\QmTextFile.cpp">
      <Filter>Source Files\File</Filter>
    </ClCompile>
    <ClCompile Include="Sources\Math\QmTransform.cpp">
      <Filter>Source Files\Math</Filter>
    </ClCompile>
    <ClCompile Include="Sources\Containers\QmVector.cpp">
      <Filter>Source Files\Containers</Filter>
    </ClCompile>
    <ClCompile Include="Sources\Math\QmVector4.cpp">
      <Filter>Source Files\Math</Filter>
    </ClCompile>
    <ClCompile Include="Sources\Rendering\Window\QmWindow.cpp">
      <Filter>Source Files\Rendering\Window</Filter>
    </ClCompile>
    <ClCompile Include="Sources\Scene\QmScene.cpp">
      <Filter>Source Files\Scene</Filter>
    </ClCompile>
    <ClCompile Include="Sources\Scene\Entity\QmEntity.cpp">
      <Filter>Source Files\Scene\Entity</Filter>
    </ClCompile>
    <ClCompile Include="Sources\Scheduler\QmTaskScheduler.cpp">
      <Filter>Source Files\Scheduler</Filter>
    </ClCompile>
    <ClCompile Include="Sources\Signals\QmSlot.cpp">
      <Filter>Source Files\Signals</Filter>
    </ClCompile>
    <ClCompile Include="Sources\Signals\QmSignal.cpp">
      <Filter>Source Files\Signals</Filter>
    </ClCompile>
    <ClCompile Include="Sources\Rendering\D3D\QmD3DContext.cpp">
      <Filter>Source Files\Rendering\D3D</Filter>
    </ClCompile>
  </ItemGroup>
</Project>