<?xml version="1.0" encoding="utf-8"?>
<Project ToolsVersion="4.0" xmlns="http://schemas.microsoft.com/developer/msbuild/2003">
  <ItemGroup>
    <Filter Include="Sources">
      <UniqueIdentifier>{4FC737F1-C7A5-4376-A066-2A32D752A2FF}</UniqueIdentifier>
      <Extensions>cpp;c;cc;cxx;def;odl;idl;hpj;bat;asm;asmx</Extensions>
    </Filter>
    <Filter Include="Sources\Math">
      <UniqueIdentifier>{6400d922-2e3c-468f-a221-4b72f4beca30}</UniqueIdentifier>
    </Filter>
    <Filter Include="Sources\Containers">
      <UniqueIdentifier>{eb04447d-80a2-407c-b351-d7ea275c18f8}</UniqueIdentifier>
    </Filter>
  </ItemGroup>
  <ItemGroup>
    <ClInclude Include="Sources\OrkidCoreRoot.h">
      <Filter>Sources</Filter>
    </ClInclude>
    <ClInclude Include="Sources\Math\OkdVector3f.h">
      <Filter>Sources\Math</Filter>
    </ClInclude>
    <ClInclude Include="Sources\Math\OkdVector4f.h">
      <Filter>Sources\Math</Filter>
    </ClInclude>
    <ClInclude Include="Sources\Math\OkdMatrix4f.h">
      <Filter>Sources\Math</Filter>
    </ClInclude>
    <ClInclude Include="Sources\Math\OkdQuaternionf.h">
      <Filter>Sources\Math</Filter>
    </ClInclude>
    <ClInclude Include="Sources\Containers\OkdList.h">
      <Filter>Sources\Containers</Filter>
    </ClInclude>
    <ClInclude Include="Sources\Containers\OkdVector.h">
      <Filter>Sources\Containers</Filter>
    </ClInclude>
    <ClInclude Include="Sources\Math\Root.h">
      <Filter>Sources\Math</Filter>
    </ClInclude>
  </ItemGroup>
  <ItemGroup>
    <ClCompile Include="Sources\Math\OkdVector3f.cpp">
      <Filter>Sources\Math</Filter>
    </ClCompile>
    <ClCompile Include="Sources\Math\OkdVector4f.cpp">
      <Filter>Sources\Math</Filter>
    </ClCompile>
    <ClCompile Include="Sources\Math\OkdMatrix4f.cpp">
      <Filter>Sources\Math</Filter>
    </ClCompile>
    <ClCompile Include="Sources\Math\OkdQuaternionf.cpp">
      <Filter>Sources\Math</Filter>
    </ClCompile>
    <ClCompile Include="Sources\Containers\OkdVector.cpp">
      <Filter>Sources\Containers</Filter>
    </ClCompile>
    <ClCompile Include="Sources\Containers\OkdList.cpp">
      <Filter>Sources\Containers</Filter>
    </ClCompile>
  </ItemGroup>
</Project>